{
    "name": "stretch",
    "version": "1.0.3",
    "lockfileVersion": 3,
    "requires": true,
    "packages": {
        "": {
            "name": "stretch",
            "version": "1.0.3",
            "dependencies": {
                "base-x": "^5.0.1",
                "pebble-clay": "^1.0.0"
            }
        },
        "node_modules/base-x": {
            "version": "5.0.1",
            "resolved": "https://registry.npmjs.org/base-x/-/base-x-5.0.1.tgz",
            "integrity": "sha512-M7uio8Zt++eg3jPj+rHMfCC+IuygQHHCOU+IYsVtik6FWjuYpVt/+MRKcgsAMHh8mMFAwnB+Bs+mTrFiXjMzKg==",
            "license": "MIT"
        },
        "node_modules/pebble-clay": {
            "version": "1.0.4",
            "resolved": "https://registry.npmjs.org/pebble-clay/-/pebble-clay-1.0.4.tgz",
            "integrity": "sha512-/rXxmltdW8JyohDzXINdea+d2wnFJVNFiTXfuZsKpySURZSCFMMucX9sZPZvbHnEA4xFINM4iicyhBbvY4ALfw==",
            "license": "MIT"
        }
    }
}
